
Microsoft Visual Studio Solution File, Format Version 12.00
# Visual Studio Version 16
VisualStudioVersion = 16.0.30330.147
MinimumVisualStudioVersion = 10.0.40219.1
Project("{FAE04EC0-301F-11D3-BF4B-00C04F79EFBC}") = "cef", "cef\cef.csproj", "{E09A476B-07F9-48E0-8972-CD79875935FE}"
EndProject
Global
	GlobalSection(SolutionConfigurationPlatforms) = preSolution
		Debug|Any CPU = Debug|Any CPU
		Release|Any CPU = Release|Any CPU
	EndGlobalSection
	GlobalSection(ProjectConfigurationPlatforms) = postSolution
		{E09A476B-07F9-48E0-8972-CD79875935FE}.Debug|Any CPU.ActiveCfg = Debug|Any CPU
		{E09A476B-07F9-48E0-8972-CD79875935FE}.Debug|Any CPU.Build.0 = Debug|Any CPU
		{E09A476B-07F9-48E0-8972-CD79875935FE}.Release|Any CPU.ActiveCfg = Release|Any CPU
		{E09A476B-07F9-48E0-8972-CD79875935FE}.Release|Any CPU.Build.0 = Release|Any CPU
	EndGlobalSection
	GlobalSection(SolutionProperties) = preSolution
		HideSolutionNode = FALSE
	EndGlobalSection
	GlobalSection(ExtensibilityGlobals) = postSolution
		SolutionGuid = {F4DD4B36-7A6B-4C5A-A0B3-B24EFCA5FC3D}
	EndGlobalSection
EndGlobal
